// !$*UTF8*$!
{
	archiveVersion = 1;
	classes = {
	};
	objectVersion = 46;
	objects = {

/* Begin PBXBuildFile section */
		DD0C300B1990C668000E65F0 /* Foundation.framework in Frameworks */ = {isa = PBXBuildFile; fileRef = DD0C300A1990C668000E65F0 /* Foundation.framework */; };
		DD0C300D1990C668000E65F0 /* CoreGraphics.framework in Frameworks */ = {isa = PBXBuildFile; fileRef = DD0C300C1990C668000E65F0 /* CoreGraphics.framework */; };
		DD0C300F1990C668000E65F0 /* UIKit.framework in Frameworks */ = {isa = PBXBuildFile; fileRef = DD0C300E1990C668000E65F0 /* UIKit.framework */; };
		DD0C30151990C668000E65F0 /* InfoPlist.strings in Resources */ = {isa = PBXBuildFile; fileRef = DD0C30131990C668000E65F0 /* InfoPlist.strings */; };
		DD0C30171990C669000E65F0 /* main.m in Sources */ = {isa = PBXBuildFile; fileRef = DD0C30161990C669000E65F0 /* main.m */; };
		DD0C301B1990C669000E65F0 /* surveyAppDelegate.m in Sources */ = {isa = PBXBuildFile; fileRef = DD0C301A1990C669000E65F0 /* surveyAppDelegate.m */; };
		DD0C301E1990C669000E65F0 /* Main.storyboard in Resources */ = {isa = PBXBuildFile; fileRef = DD0C301C1990C669000E65F0 /* Main.storyboard */; };
		DD0C30231990C669000E65F0 /* Images.xcassets in Resources */ = {isa = PBXBuildFile; fileRef = DD0C30221990C669000E65F0 /* Images.xcassets */; };
		DD0C302A1990C669000E65F0 /* XCTest.framework in Frameworks */ = {isa = PBXBuildFile; fileRef = DD0C30291990C669000E65F0 /* XCTest.framework */; };
		DD0C302B1990C669000E65F0 /* Foundation.framework in Frameworks */ = {isa = PBXBuildFile; fileRef = DD0C300A1990C668000E65F0 /* Foundation.framework */; };
		DD0C302C1990C669000E65F0 /* UIKit.framework in Frameworks */ = {isa = PBXBuildFile; fileRef = DD0C300E1990C668000E65F0 /* UIKit.framework */; };
		DD0C30341990C669000E65F0 /* InfoPlist.strings in Resources */ = {isa = PBXBuildFile; fileRef = DD0C30321990C669000E65F0 /* InfoPlist.strings */; };
		DD0C30361990C669000E65F0 /* surveyTests.m in Sources */ = {isa = PBXBuildFile; fileRef = DD0C30351990C669000E65F0 /* surveyTests.m */; };
		DD0C30411990C6C1000E65F0 /* SurveyTableViewController.m in Sources */ = {isa = PBXBuildFile; fileRef = DD0C30401990C6C1000E65F0 /* SurveyTableViewController.m */; };
		DDAB49621991D1690049D970 /* Survey.m in Sources */ = {isa = PBXBuildFile; fileRef = DDAB49611991D1690049D970 /* Survey.m */; };
		DDAB49651991D1F20049D970 /* Question.m in Sources */ = {isa = PBXBuildFile; fileRef = DDAB49641991D1F20049D970 /* Question.m */; };
		DDAB49681991D3180049D970 /* Answer.m in Sources */ = {isa = PBXBuildFile; fileRef = DDAB49671991D3180049D970 /* Answer.m */; };
/* End PBXBuildFile section */

/* Begin PBXContainerItemProxy section */
		DD0C302D1990C669000E65F0 /* PBXContainerItemProxy */ = {
			isa = PBXContainerItemProxy;
			containerPortal = DD0C2FFF1990C668000E65F0 /* Project object */;
			proxyType = 1;
			remoteGlobalIDString = DD0C30061990C668000E65F0;
			remoteInfo = survey;
		};
/* End PBXContainerItemProxy section */

/* Begin PBXFileReference section */
		DD0C30071990C668000E65F0 /* survey.app */ = {isa = PBXFileReference; explicitFileType = wrapper.application; includeInIndex = 0; path = survey.app; sourceTree = BUILT_PRODUCTS_DIR; };
		DD0C300A1990C668000E65F0 /* Foundation.framework */ = {isa = PBXFileReference; lastKnownFileType = wrapper.framework; name = Foundation.framework; path = System/Library/Frameworks/Foundation.framework; sourceTree = SDKROOT; };
		DD0C300C1990C668000E65F0 /* CoreGraphics.framework */ = {isa = PBXFileReference; lastKnownFileType = wrapper.framework; name = CoreGraphics.framework; path = System/Library/Frameworks/CoreGraphics.framework; sourceTree = SDKROOT; };
		DD0C300E1990C668000E65F0 /* UIKit.framework */ = {isa = PBXFileReference; lastKnownFileType = wrapper.framework; name = UIKit.framework; path = System/Library/Frameworks/UIKit.framework; sourceTree = SDKROOT; };
		DD0C30121990C668000E65F0 /* survey-Info.plist */ = {isa = PBXFileReference; lastKnownFileType = text.plist.xml; path = "survey-Info.plist"; sourceTree = "<group>"; };
		DD0C30141990C668000E65F0 /* en */ = {isa = PBXFileReference; lastKnownFileType = text.plist.strings; name = en; path = en.lproj/InfoPlist.strings; sourceTree = "<group>"; };
		DD0C30161990C669000E65F0 /* main.m */ = {isa = PBXFileReference; lastKnownFileType = sourcecode.c.objc; path = main.m; sourceTree = "<group>"; };
		DD0C30181990C669000E65F0 /* survey-Prefix.pch */ = {isa = PBXFileReference; lastKnownFileType = sourcecode.c.h; path = "survey-Prefix.pch"; sourceTree = "<group>"; };
		DD0C30191990C669000E65F0 /* surveyAppDelegate.h */ = {isa = PBXFileReference; lastKnownFileType = sourcecode.c.h; path = surveyAppDelegate.h; sourceTree = "<group>"; };
		DD0C301A1990C669000E65F0 /* surveyAppDelegate.m */ = {isa = PBXFileReference; lastKnownFileType = sourcecode.c.objc; path = surveyAppDelegate.m; sourceTree = "<group>"; };
		DD0C301D1990C669000E65F0 /* Base */ = {isa = PBXFileReference; lastKnownFileType = file.storyboard; name = Base; path = Base.lproj/Main.storyboard; sourceTree = "<group>"; };
		DD0C30221990C669000E65F0 /* Images.xcassets */ = {isa = PBXFileReference; lastKnownFileType = folder.assetcatalog; path = Images.xcassets; sourceTree = "<group>"; };
		DD0C30281990C669000E65F0 /* surveyTests.xctest */ = {isa = PBXFileReference; explicitFileType = wrapper.cfbundle; includeInIndex = 0; path = surveyTests.xctest; sourceTree = BUILT_PRODUCTS_DIR; };
		DD0C30291990C669000E65F0 /* XCTest.framework */ = {isa = PBXFileReference; lastKnownFileType = wrapper.framework; name = XCTest.framework; path = Library/Frameworks/XCTest.framework; sourceTree = DEVELOPER_DIR; };
		DD0C30311990C669000E65F0 /* surveyTests-Info.plist */ = {isa = PBXFileReference; lastKnownFileType = text.plist.xml; path = "surveyTests-Info.plist"; sourceTree = "<group>"; };
		DD0C30331990C669000E65F0 /* en */ = {isa = PBXFileReference; lastKnownFileType = text.plist.strings; name = en; path = en.lproj/InfoPlist.strings; sourceTree = "<group>"; };
		DD0C30351990C669000E65F0 /* surveyTests.m */ = {isa = PBXFileReference; lastKnownFileType = sourcecode.c.objc; path = surveyTests.m; sourceTree = "<group>"; };
		DD0C303F1990C6C1000E65F0 /* SurveyTableViewController.h */ = {isa = PBXFileReference; fileEncoding = 4; lastKnownFileType = sourcecode.c.h; path = SurveyTableViewController.h; sourceTree = "<group>"; };
		DD0C30401990C6C1000E65F0 /* SurveyTableViewController.m */ = {isa = PBXFileReference; fileEncoding = 4; lastKnownFileType = sourcecode.c.objc; path = SurveyTableViewController.m; sourceTree = "<group>"; };
		DDAB49601991D1690049D970 /* Survey.h */ = {isa = PBXFileReference; fileEncoding = 4; lastKnownFileType = sourcecode.c.h; path = Survey.h; sourceTree = "<group>"; };
		DDAB49611991D1690049D970 /* Survey.m */ = {isa = PBXFileReference; fileEncoding = 4; lastKnownFileType = sourcecode.c.objc; path = Survey.m; sourceTree = "<group>"; };
		DDAB49631991D1F20049D970 /* Question.h */ = {isa = PBXFileReference; fileEncoding = 4; lastKnownFileType = sourcecode.c.h; path = Question.h; sourceTree = "<group>"; };
		DDAB49641991D1F20049D970 /* Question.m */ = {isa = PBXFileReference; fileEncoding = 4; lastKnownFileType = sourcecode.c.objc; path = Question.m; sourceTree = "<group>"; };
		DDAB49661991D3180049D970 /* Answer.h */ = {isa = PBXFileReference; fileEncoding = 4; lastKnownFileType = sourcecode.c.h; path = Answer.h; sourceTree = "<group>"; };
		DDAB49671991D3180049D970 /* Answer.m */ = {isa = PBXFileReference; fileEncoding = 4; lastKnownFileType = sourcecode.c.objc; path = Answer.m; sourceTree = "<group>"; };
/* End PBXFileReference section */

/* Begin PBXFrameworksBuildPhase section */
		DD0C30041990C668000E65F0 /* Frameworks */ = {
			isa = PBXFrameworksBuildPhase;
			buildActionMask = 2147483647;
			files = (
				DD0C300D1990C668000E65F0 /* CoreGraphics.framework in Frameworks */,
				DD0C300F1990C668000E65F0 /* UIKit.framework in Frameworks */,
				DD0C300B1990C668000E65F0 /* Foundation.framework in Frameworks */,
			);
			runOnlyForDeploymentPostprocessing = 0;
		};
		DD0C30251990C669000E65F0 /* Frameworks */ = {
			isa = PBXFrameworksBuildPhase;
			buildActionMask = 2147483647;
			files = (
				DD0C302A1990C669000E65F0 /* XCTest.framework in Frameworks */,
				DD0C302C1990C669000E65F0 /* UIKit.framework in Frameworks */,
				DD0C302B1990C669000E65F0 /* Foundation.framework in Frameworks */,
			);
			runOnlyForDeploymentPostprocessing = 0;
		};
/* End PBXFrameworksBuildPhase section */

/* Begin PBXGroup section */
		DD0C2FFE1990C668000E65F0 = {
			isa = PBXGroup;
			children = (
				DD0C30101990C668000E65F0 /* survey */,
				DD0C302F1990C669000E65F0 /* surveyTests */,
				DD0C30091990C668000E65F0 /* Frameworks */,
				DD0C30081990C668000E65F0 /* Products */,
			);
			sourceTree = "<group>";
		};
		DD0C30081990C668000E65F0 /* Products */ = {
			isa = PBXGroup;
			children = (
				DD0C30071990C668000E65F0 /* survey.app */,
				DD0C30281990C669000E65F0 /* surveyTests.xctest */,
			);
			name = Products;
			sourceTree = "<group>";
		};
		DD0C30091990C668000E65F0 /* Frameworks */ = {
			isa = PBXGroup;
			children = (
				DD0C300A1990C668000E65F0 /* Foundation.framework */,
				DD0C300C1990C668000E65F0 /* CoreGraphics.framework */,
				DD0C300E1990C668000E65F0 /* UIKit.framework */,
				DD0C30291990C669000E65F0 /* XCTest.framework */,
			);
			name = Frameworks;
			sourceTree = "<group>";
		};
		DD0C30101990C668000E65F0 /* survey */ = {
			isa = PBXGroup;
			children = (
				DDAB495F1991D07B0049D970 /* Model */,
				DD0C301C1990C669000E65F0 /* Main.storyboard */,
				DD0C303F1990C6C1000E65F0 /* SurveyTableViewController.h */,
				DD0C30401990C6C1000E65F0 /* SurveyTableViewController.m */,
				DD0C30221990C669000E65F0 /* Images.xcassets */,
				DD0C30111990C668000E65F0 /* Supporting Files */,
			);
			path = survey;
			sourceTree = "<group>";
		};
		DD0C30111990C668000E65F0 /* Supporting Files */ = {
			isa = PBXGroup;
			children = (
				DD0C30191990C669000E65F0 /* surveyAppDelegate.h */,
				DD0C301A1990C669000E65F0 /* surveyAppDelegate.m */,
				DD0C30121990C668000E65F0 /* survey-Info.plist */,
				DD0C30131990C668000E65F0 /* InfoPlist.strings */,
				DD0C30161990C669000E65F0 /* main.m */,
				DD0C30181990C669000E65F0 /* survey-Prefix.pch */,
			);
			name = "Supporting Files";
			sourceTree = "<group>";
		};
		DD0C302F1990C669000E65F0 /* surveyTests */ = {
			isa = PBXGroup;
			children = (
				DD0C30351990C669000E65F0 /* surveyTests.m */,
				DD0C30301990C669000E65F0 /* Supporting Files */,
			);
			path = surveyTests;
			sourceTree = "<group>";
		};
		DD0C30301990C669000E65F0 /* Supporting Files */ = {
			isa = PBXGroup;
			children = (
				DD0C30311990C669000E65F0 /* surveyTests-Info.plist */,
				DD0C30321990C669000E65F0 /* InfoPlist.strings */,
			);
			name = "Supporting Files";
			sourceTree = "<group>";
		};
		DDAB495F1991D07B0049D970 /* Model */ = {
			isa = PBXGroup;
			children = (
				DDAB49601991D1690049D970 /* Survey.h */,
				DDAB49611991D1690049D970 /* Survey.m */,
				DDAB49631991D1F20049D970 /* Question.h */,
				DDAB49641991D1F20049D970 /* Question.m */,
				DDAB49661991D3180049D970 /* Answer.h */,
				DDAB49671991D3180049D970 /* Answer.m */,
			);
			path = Model;
			sourceTree = "<group>";
		};
/* End PBXGroup section */

/* Begin PBXNativeTarget section */
		DD0C30061990C668000E65F0 /* survey */ = {
			isa = PBXNativeTarget;
			buildConfigurationList = DD0C30391990C669000E65F0 /* Build configuration list for PBXNativeTarget "survey" */;
			buildPhases = (
				DD0C30031990C668000E65F0 /* Sources */,
				DD0C30041990C668000E65F0 /* Frameworks */,
				DD0C30051990C668000E65F0 /* Resources */,
			);
			buildRules = (
			);
			dependencies = (
			);
			name = survey;
			productName = survey;
			productReference = DD0C30071990C668000E65F0 /* survey.app */;
			productType = "com.apple.product-type.application";
		};
		DD0C30271990C669000E65F0 /* surveyTests */ = {
			isa = PBXNativeTarget;
			buildConfigurationList = DD0C303C1990C669000E65F0 /* Build configuration list for PBXNativeTarget "surveyTests" */;
			buildPhases = (
				DD0C30241990C669000E65F0 /* Sources */,
				DD0C30251990C669000E65F0 /* Frameworks */,
				DD0C30261990C669000E65F0 /* Resources */,
			);
			buildRules = (
			);
			dependencies = (
				DD0C302E1990C669000E65F0 /* PBXTargetDependency */,
			);
			name = surveyTests;
			productName = surveyTests;
			productReference = DD0C30281990C669000E65F0 /* surveyTests.xctest */;
			productType = "com.apple.product-type.bundle.unit-test";
		};
/* End PBXNativeTarget section */

/* Begin PBXProject section */
		DD0C2FFF1990C668000E65F0 /* Project object */ = {
			isa = PBXProject;
			attributes = {
				CLASSPREFIX = survey;
				LastUpgradeCheck = 0510;
				ORGANIZATIONNAME = aidan;
				TargetAttributes = {
					DD0C30271990C669000E65F0 = {
						TestTargetID = DD0C30061990C668000E65F0;
					};
				};
			};
			buildConfigurationList = DD0C30021990C668000E65F0 /* Build configuration list for PBXProject "survey" */;
			compatibilityVersion = "Xcode 3.2";
			developmentRegion = English;
			hasScannedForEncodings = 0;
			knownRegions = (
				en,
				Base,
			);
			mainGroup = DD0C2FFE1990C668000E65F0;
			productRefGroup = DD0C30081990C668000E65F0 /* Products */;
			projectDirPath = "";
			projectRoot = "";
			targets = (
				DD0C30061990C668000E65F0 /* survey */,
				DD0C30271990C669000E65F0 /* surveyTests */,
			);
		};
/* End PBXProject section */

/* Begin PBXResourcesBuildPhase section */
		DD0C30051990C668000E65F0 /* Resources */ = {
			isa = PBXResourcesBuildPhase;
			buildActionMask = 2147483647;
			files = (
				DD0C30231990C669000E65F0 /* Images.xcassets in Resources */,
				DD0C30151990C668000E65F0 /* InfoPlist.strings in Resources */,
				DD0C301E1990C669000E65F0 /* Main.storyboard in Resources */,
			);
			runOnlyForDeploymentPostprocessing = 0;
		};
		DD0C30261990C669000E65F0 /* Resources */ = {
			isa = PBXResourcesBuildPhase;
			buildActionMask = 2147483647;
			files = (
				DD0C30341990C669000E65F0 /* InfoPlist.strings in Resources */,
			);
			runOnlyForDeploymentPostprocessing = 0;
		};
/* End PBXResourcesBuildPhase section */

/* Begin PBXSourcesBuildPhase section */
		DD0C30031990C668000E65F0 /* Sources */ = {
			isa = PBXSourcesBuildPhase;
			buildActionMask = 2147483647;
			files = (
				DD0C301B1990C669000E65F0 /* surveyAppDelegate.m in Sources */,
				DDAB49681991D3180049D970 /* Answer.m in Sources */,
				DDAB49621991D1690049D970 /* Survey.m in Sources */,
				DDAB49651991D1F20049D970 /* Question.m in Sources */,
				DD0C30171990C669000E65F0 /* main.m in Sources */,
				DD0C30411990C6C1000E65F0 /* SurveyTableViewController.m in Sources */,
			);
			runOnlyForDeploymentPostprocessing = 0;
		};
		DD0C30241990C669000E65F0 /* Sources */ = {
			isa = PBXSourcesBuildPhase;
			buildActionMask = 2147483647;
			files = (
				DD0C30361990C669000E65F0 /* surveyTests.m in Sources */,
			);
			runOnlyForDeploymentPostprocessing = 0;
		};
/* End PBXSourcesBuildPhase section */

/* Begin PBXTargetDependency section */
		DD0C302E1990C669000E65F0 /* PBXTargetDependency */ = {
			isa = PBXTargetDependency;
			target = DD0C30061990C668000E65F0 /* survey */;
			targetProxy = DD0C302D1990C669000E65F0 /* PBXContainerItemProxy */;
		};
/* End PBXTargetDependency section */

/* Begin PBXVariantGroup section */
		DD0C30131990C668000E65F0 /* InfoPlist.strings */ = {
			isa = PBXVariantGroup;
			children = (
				DD0C30141990C668000E65F0 /* en */,
			);
			name = InfoPlist.strings;
			sourceTree = "<group>";
		};
		DD0C301C1990C669000E65F0 /* Main.storyboard */ = {
			isa = PBXVariantGroup;
			children = (
				DD0C301D1990C669000E65F0 /* Base */,
			);
			name = Main.storyboard;
			sourceTree = "<group>";
		};
		DD0C30321990C669000E65F0 /* InfoPlist.strings */ = {
			isa = PBXVariantGroup;
			children = (
				DD0C30331990C669000E65F0 /* en */,
			);
			name = InfoPlist.strings;
			sourceTree = "<group>";
		};
/* End PBXVariantGroup section */

/* Begin XCBuildConfiguration section */
		DD0C30371990C669000E65F0 /* Debug */ = {
			isa = XCBuildConfiguration;
			buildSettings = {
				ALWAYS_SEARCH_USER_PATHS = NO;
				CLANG_CXX_LANGUAGE_STANDARD = "gnu++0x";
				CLANG_CXX_LIBRARY = "libc++";
				CLANG_ENABLE_MODULES = YES;
				CLANG_ENABLE_OBJC_ARC = YES;
				CLANG_WARN_BOOL_CONVERSION = YES;
				CLANG_WARN_CONSTANT_CONVERSION = YES;
				CLANG_WARN_DIRECT_OBJC_ISA_USAGE = YES_ERROR;
				CLANG_WARN_EMPTY_BODY = YES;
				CLANG_WARN_ENUM_CONVERSION = YES;
				CLANG_WARN_INT_CONVERSION = YES;
				CLANG_WARN_OBJC_ROOT_CLASS = YES_ERROR;
				CLANG_WARN__DUPLICATE_METHOD_MATCH = YES;
				"CODE_SIGN_IDENTITY[sdk=iphoneos*]" = "iPhone Developer";
				COPY_PHASE_STRIP = NO;
				GCC_C_LANGUAGE_STANDARD = gnu99;
				GCC_DYNAMIC_NO_PIC = NO;
				GCC_OPTIMIZATION_LEVEL = 0;
				GCC_PREPROCESSOR_DEFINITIONS = (
					"DEBUG=1",
					"$(inherited)",
				);
				GCC_SYMBOLS_PRIVATE_EXTERN = NO;
				GCC_WARN_64_TO_32_BIT_CONVERSION = YES;
				GCC_WARN_ABOUT_RETURN_TYPE = YES_ERROR;
				GCC_WARN_UNDECLARED_SELECTOR = YES;
				GCC_WARN_UNINITIALIZED_AUTOS = YES_AGGRESSIVE;
				GCC_WARN_UNUSED_FUNCTION = YES;
				GCC_WARN_UNUSED_VARIABLE = YES;
				IPHONEOS_DEPLOYMENT_TARGET = 6.0;
				ONLY_ACTIVE_ARCH = YES;
				SDKROOT = iphoneos;
			};
			name = Debug;
		};
		DD0C30381990C669000E65F0 /* Release */ = {
			isa = XCBuildConfiguration;
			buildSettings = {
				ALWAYS_SEARCH_USER_PATHS = NO;
				CLANG_CXX_LANGUAGE_STANDARD = "gnu++0x";
				CLANG_CXX_LIBRARY = "libc++";
				CLANG_ENABLE_MODULES = YES;
				CLANG_ENABLE_OBJC_ARC = YES;
				CLANG_WARN_BOOL_CONVERSION = YES;
				CLANG_WARN_CONSTANT_CONVERSION = YES;
				CLANG_WARN_DIRECT_OBJC_ISA_USAGE = YES_ERROR;
				CLANG_WARN_EMPTY_BODY = YES;
				CLANG_WARN_ENUM_CONVERSION = YES;
				CLANG_WARN_INT_CONVERSION = YES;
				CLANG_WARN_OBJC_ROOT_CLASS = YES_ERROR;
				CLANG_WARN__DUPLICATE_METHOD_MATCH = YES;
				"CODE_SIGN_IDENTITY[sdk=iphoneos*]" = "iPhone Developer";
				COPY_PHASE_STRIP = YES;
				ENABLE_NS_ASSERTIONS = NO;
				GCC_C_LANGUAGE_STANDARD = gnu99;
				GCC_WARN_64_TO_32_BIT_CONVERSION = YES;
				GCC_WARN_ABOUT_RETURN_TYPE = YES_ERROR;
				GCC_WARN_UNDECLARED_SELECTOR = YES;
				GCC_WARN_UNINITIALIZED_AUTOS = YES_AGGRESSIVE;
				GCC_WARN_UNUSED_FUNCTION = YES;
				GCC_WARN_UNUSED_VARIABLE = YES;
				IPHONEOS_DEPLOYMENT_TARGET = 6.0;
				SDKROOT = iphoneos;
				VALIDATE_PRODUCT = YES;
			};
			name = Release;
		};
		DD0C303A1990C669000E65F0 /* Debug */ = {
			isa = XCBuildConfiguration;
			buildSettings = {
				ASSETCATALOG_COMPILER_APPICON_NAME = AppIcon;
				ASSETCATALOG_COMPILER_LAUNCHIMAGE_NAME = LaunchImage;
				GCC_PRECOMPILE_PREFIX_HEADER = YES;
				GCC_PREFIX_HEADER = "survey/survey-Prefix.pch";
				INFOPLIST_FILE = "survey/survey-Info.plist";
				PRODUCT_NAME = "$(TARGET_NAME)";
				WRAPPER_EXTENSION = app;
			};
			name = Debug;
		};
		DD0C303B1990C669000E65F0 /* Release */ = {
			isa = XCBuildConfiguration;
			buildSettings = {
				ASSETCATALOG_COMPILER_APPICON_NAME = AppIcon;
				ASSETCATALOG_COMPILER_LAUNCHIMAGE_NAME = LaunchImage;
				GCC_PRECOMPILE_PREFIX_HEADER = YES;
				GCC_PREFIX_HEADER = "survey/survey-Prefix.pch";
				INFOPLIST_FILE = "survey/survey-Info.plist";
				PRODUCT_NAME = "$(TARGET_NAME)";
				WRAPPER_EXTENSION = app;
			};
			name = Release;
		};
		DD0C303D1990C669000E65F0 /* Debug */ = {
			isa = XCBuildConfiguration;
			buildSettings = {
				BUNDLE_LOADER = "$(BUILT_PRODUCTS_DIR)/survey.app/survey";
				FRAMEWORK_SEARCH_PATHS = (
					"$(SDKROOT)/Developer/Library/Frameworks",
					"$(inherited)",
					"$(DEVELOPER_FRAMEWORKS_DIR)",
				);
				GCC_PRECOMPILE_PREFIX_HEADER = YES;
				GCC_PREFIX_HEADER = "survey/survey-Prefix.pch";
				GCC_PREPROCESSOR_DEFINITIONS = (
					"DEBUG=1",
					"$(inherited)",
				);
				INFOPLIST_FILE = "surveyTests/surveyTests-Info.plist";
				PRODUCT_NAME = "$(TARGET_NAME)";
				TEST_HOST = "$(BUNDLE_LOADER)";
				WRAPPER_EXTENSION = xctest;
			};
			name = Debug;
		};
		DD0C303E1990C669000E65F0 /* Release */ = {
			isa = XCBuildConfiguration;
			buildSettings = {
				BUNDLE_LOADER = "$(BUILT_PRODUCTS_DIR)/survey.app/survey";
				FRAMEWORK_SEARCH_PATHS = (
					"$(SDKROOT)/Developer/Library/Frameworks",
					"$(inherited)",
					"$(DEVELOPER_FRAMEWORKS_DIR)",
				);
				GCC_PRECOMPILE_PREFIX_HEADER = YES;
				GCC_PREFIX_HEADER = "survey/survey-Prefix.pch";
				INFOPLIST_FILE = "surveyTests/surveyTests-Info.plist";
				PRODUCT_NAME = "$(TARGET_NAME)";
				TEST_HOST = "$(BUNDLE_LOADER)";
				WRAPPER_EXTENSION = xctest;
			};
			name = Release;
		};
/* End XCBuildConfiguration section */

/* Begin XCConfigurationList section */
		DD0C30021990C668000E65F0 /* Build configuration list for PBXProject "survey" */ = {
			isa = XCConfigurationList;
			buildConfigurations = (
				DD0C30371990C669000E65F0 /* Debug */,
				DD0C30381990C669000E65F0 /* Release */,
			);
			defaultConfigurationIsVisible = 0;
			defaultConfigurationName = Release;
		};
		DD0C30391990C669000E65F0 /* Build configuration list for PBXNativeTarget "survey" */ = {
			isa = XCConfigurationList;
			buildConfigurations = (
				DD0C303A1990C669000E65F0 /* Debug */,
				DD0C303B1990C669000E65F0 /* Release */,
			);
			defaultConfigurationIsVisible = 0;
			defaultConfigurationName = Release;
		};
		DD0C303C1990C669000E65F0 /* Build configuration list for PBXNativeTarget "surveyTests" */ = {
			isa = XCConfigurationList;
			buildConfigurations = (
				DD0C303D1990C669000E65F0 /* Debug */,
				DD0C303E1990C669000E65F0 /* Release */,
			);
			defaultConfigurationIsVisible = 0;
			defaultConfigurationName = Release;
		};
/* End XCConfigurationList section */
	};
	rootObject = DD0C2FFF1990C668000E65F0 /* Project object */;
}
